
Microsoft Visual Studio Solution File, Format Version 12.00
# Visual Studio Version 17
VisualStudioVersion = 17.9.34607.119
MinimumVisualStudioVersion = 10.0.40219.1
Project("{FAE04EC0-301F-11D3-BF4B-00C04F79EFBC}") = "BibliotecaAPI", "BibliotecaAPI\BibliotecaAPI.csproj", "{6521BF0A-6BFB-4EB9-BF50-63286BBF7EE1}"
EndProject
Global
	GlobalSection(SolutionConfigurationPlatforms) = preSolution
		Debug|Any CPU = Debug|Any CPU
		Release|Any CPU = Release|Any CPU
	EndGlobalSection
	GlobalSection(ProjectConfigurationPlatforms) = postSolution
		{6521BF0A-6BFB-4EB9-BF50-63286BBF7EE1}.Debug|Any CPU.ActiveCfg = Debug|Any CPU
		{6521BF0A-6BFB-4EB9-BF50-63286BBF7EE1}.Debug|Any CPU.Build.0 = Debug|Any CPU
		{6521BF0A-6BFB-4EB9-BF50-63286BBF7EE1}.Release|Any CPU.ActiveCfg = Release|Any CPU
		{6521BF0A-6BFB-4EB9-BF50-63286BBF7EE1}.Release|Any CPU.Build.0 = Release|Any CPU
	EndGlobalSection
	GlobalSection(SolutionProperties) = preSolution
		HideSolutionNode = FALSE
	EndGlobalSection
	GlobalSection(ExtensibilityGlobals) = postSolution
		SolutionGuid = {2EC8998D-F4D5-4C6A-A3E6-84DCA2E9F259}
	EndGlobalSection
EndGlobal
